
Microsoft Visual Studio Solution File, Format Version 12.00
# Visual Studio Version 17
VisualStudioVersion = 17.5.2.0
MinimumVisualStudioVersion = 10.0.40219.1
Project("{2150E333-8FDC-42A3-9474-1A3956D46DE8}") = "src", "src", "{827E0CD3-B72D-47B6-A68D-7590B98EB39B}"
EndProject
Project("{FAE04EC0-301F-11D3-BF4B-00C04F79EFBC}") = "BoredGamers", "src\BoredGamers\BoredGamers.csproj", "{F12BA2AF-E0CD-C243-2FCB-3BCEE4CFEC44}"
EndProject
Project("{2150E333-8FDC-42A3-9474-1A3956D46DE8}") = "tests", "tests", "{0AB3BF05-4346-4AA6-1389-037BE0695223}"
EndProject
Project("{FAE04EC0-301F-11D3-BF4B-00C04F79EFBC}") = "BoredGamers.Tests", "tests\BoredGamers.Tests\BoredGamers.Tests.csproj", "{2EEB8F08-78EE-439D-B1CD-176E0E0306C3}"
EndProject
Project("{FAE04EC0-301F-11D3-BF4B-00C04F79EFBC}") = "Senior-Project-Typing-Heads.BddTests", "Senior-Project-Typing-Heads.BddTests\Senior-Project-Typing-Heads.BddTests.csproj", "{DAD410F7-3F20-4C64-A924-1ACBBF58171B}"
EndProject
Global
	GlobalSection(SolutionConfigurationPlatforms) = preSolution
		Debug|Any CPU = Debug|Any CPU
		Debug|x64 = Debug|x64
		Debug|x86 = Debug|x86
		Release|Any CPU = Release|Any CPU
		Release|x64 = Release|x64
		Release|x86 = Release|x86
	EndGlobalSection
	GlobalSection(ProjectConfigurationPlatforms) = postSolution
		{F12BA2AF-E0CD-C243-2FCB-3BCEE4CFEC44}.Debug|Any CPU.ActiveCfg = Debug|Any CPU
		{F12BA2AF-E0CD-C243-2FCB-3BCEE4CFEC44}.Debug|Any CPU.Build.0 = Debug|Any CPU
		{F12BA2AF-E0CD-C243-2FCB-3BCEE4CFEC44}.Debug|x64.ActiveCfg = Debug|Any CPU
		{F12BA2AF-E0CD-C243-2FCB-3BCEE4CFEC44}.Debug|x64.Build.0 = Debug|Any CPU
		{F12BA2AF-E0CD-C243-2FCB-3BCEE4CFEC44}.Debug|x86.ActiveCfg = Debug|Any CPU
		{F12BA2AF-E0CD-C243-2FCB-3BCEE4CFEC44}.Debug|x86.Build.0 = Debug|Any CPU
		{F12BA2AF-E0CD-C243-2FCB-3BCEE4CFEC44}.Release|Any CPU.ActiveCfg = Release|Any CPU
		{F12BA2AF-E0CD-C243-2FCB-3BCEE4CFEC44}.Release|Any CPU.Build.0 = Release|Any CPU
		{F12BA2AF-E0CD-C243-2FCB-3BCEE4CFEC44}.Release|x64.ActiveCfg = Release|Any CPU
		{F12BA2AF-E0CD-C243-2FCB-3BCEE4CFEC44}.Release|x64.Build.0 = Release|Any CPU
		{F12BA2AF-E0CD-C243-2FCB-3BCEE4CFEC44}.Release|x86.ActiveCfg = Release|Any CPU
		{F12BA2AF-E0CD-C243-2FCB-3BCEE4CFEC44}.Release|x86.Build.0 = Release|Any CPU
		{2EEB8F08-78EE-439D-B1CD-176E0E0306C3}.Debug|Any CPU.ActiveCfg = Debug|Any CPU
		{2EEB8F08-78EE-439D-B1CD-176E0E0306C3}.Debug|Any CPU.Build.0 = Debug|Any CPU
		{2EEB8F08-78EE-439D-B1CD-176E0E0306C3}.Debug|x64.ActiveCfg = Debug|Any CPU
		{2EEB8F08-78EE-439D-B1CD-176E0E0306C3}.Debug|x64.Build.0 = Debug|Any CPU
		{2EEB8F08-78EE-439D-B1CD-176E0E0306C3}.Debug|x86.ActiveCfg = Debug|Any CPU
		{2EEB8F08-78EE-439D-B1CD-176E0E0306C3}.Debug|x86.Build.0 = Debug|Any CPU
		{2EEB8F08-78EE-439D-B1CD-176E0E0306C3}.Release|Any CPU.ActiveCfg = Release|Any CPU
		{2EEB8F08-78EE-439D-B1CD-176E0E0306C3}.Release|Any CPU.Build.0 = Release|Any CPU
		{2EEB8F08-78EE-439D-B1CD-176E0E0306C3}.Release|x64.ActiveCfg = Release|Any CPU
		{2EEB8F08-78EE-439D-B1CD-176E0E0306C3}.Release|x64.Build.0 = Release|Any CPU
		{2EEB8F08-78EE-439D-B1CD-176E0E0306C3}.Release|x86.ActiveCfg = Release|Any CPU
		{2EEB8F08-78EE-439D-B1CD-176E0E0306C3}.Release|x86.Build.0 = Release|Any CPU
		{DAD410F7-3F20-4C64-A924-1ACBBF58171B}.Debug|Any CPU.ActiveCfg = Debug|Any CPU
		{DAD410F7-3F20-4C64-A924-1ACBBF58171B}.Debug|Any CPU.Build.0 = Debug|Any CPU
		{DAD410F7-3F20-4C64-A924-1ACBBF58171B}.Debug|x64.ActiveCfg = Debug|Any CPU
		{DAD410F7-3F20-4C64-A924-1ACBBF58171B}.Debug|x64.Build.0 = Debug|Any CPU
		{DAD410F7-3F20-4C64-A924-1ACBBF58171B}.Debug|x86.ActiveCfg = Debug|Any CPU
		{DAD410F7-3F20-4C64-A924-1ACBBF58171B}.Debug|x86.Build.0 = Debug|Any CPU
		{DAD410F7-3F20-4C64-A924-1ACBBF58171B}.Release|Any CPU.ActiveCfg = Release|Any CPU
		{DAD410F7-3F20-4C64-A924-1ACBBF58171B}.Release|Any CPU.Build.0 = Release|Any CPU
		{DAD410F7-3F20-4C64-A924-1ACBBF58171B}.Release|x64.ActiveCfg = Release|Any CPU
		{DAD410F7-3F20-4C64-A924-1ACBBF58171B}.Release|x64.Build.0 = Release|Any CPU
		{DAD410F7-3F20-4C64-A924-1ACBBF58171B}.Release|x86.ActiveCfg = Release|Any CPU
		{DAD410F7-3F20-4C64-A924-1ACBBF58171B}.Release|x86.Build.0 = Release|Any CPU
	EndGlobalSection
	GlobalSection(SolutionProperties) = preSolution
		HideSolutionNode = FALSE
	EndGlobalSection
	GlobalSection(NestedProjects) = preSolution
		{F12BA2AF-E0CD-C243-2FCB-3BCEE4CFEC44} = {827E0CD3-B72D-47B6-A68D-7590B98EB39B}
		{2EEB8F08-78EE-439D-B1CD-176E0E0306C3} = {0AB3BF05-4346-4AA6-1389-037BE0695223}
	EndGlobalSection
	GlobalSection(ExtensibilityGlobals) = postSolution
		SolutionGuid = {D83CC4E1-48FD-4B0D-971E-AFD7C3505851}
	EndGlobalSection
EndGlobal
